{
  "name": "fixtures",
  "lockfileVersion": 3,
  "packages": {
    "node_modules/pkg-01": {
      "version": "1.1.0",
      "resolved": "https://registry.npmjs.org/pkg-01/-/pkg-01-1.1.0.tgz",
      "integrity": "sha512-aaaaaaaaaaaaaaaaaaaaaaaaaaaaaaaaaaaaaaaaaaaaaaaaaaaaaaaaaaaa=="
    },
    "node_modules/pkg-02": {
      "version": "1.2.0",
      "resolved": "https://registry.npmjs.org/pkg-02/-/pkg-02-1.2.0.tgz",
      "integrity": "sha512-aaaaaaaaaaaaaaaaaaaaaaaaaaaaaaaaaaaaaaaaaaaaaaaaaaaaaaaaaaaa=="
    },
    "node_modules/pkg-03": {
      "version": "1.3.0",
      "resolved": "https://registry.npmjs.org/pkg-03/-/pkg-03-1.3.0.tgz",
      "integrity": "sha512-aaaaaaaaaaaaaaaaaaaaaaaaaaaaaaaaaaaaaaaaaaaaaaaaaaaaaaaaaaaa=="
    },
    "node_modules/pkg-04": {
      "version": "1.4.0",
      "resolved": "https://registry.npmjs.org/pkg-04/-/pkg-04-1.4.0.tgz",
      "integrity": "sha512-aaaaaaaaaaaaaaaaaaaaaaaaaaaaaaaaaaaaaaaaaaaaaaaaaaaaaaaaaaaa=="
    },
    "node_modules/pkg-05": {
      "version": "1.5.0",
      "resolved": "https://registry.npmjs.org/pkg-05/-/pkg-05-1.5.0.tgz",
      "integrity": "sha512-aaaaaaaaaaaaaaaaaaaaaaaaaaaaaaaaaaaaaaaaaaaaaaaaaaaaaaaaaaaa=="
    },
    "node_modules/pkg-06": {
      "version": "1.6.0",
      "resolved": "https://registry.npmjs.org/pkg-06/-/pkg-06-1.6.0.tgz",
      "integrity": "sha512-aaaaaaaaaaaaaaaaaaaaaaaaaaaaaaaaaaaaaaaaaaaaaaaaaaaaaaaaaaaa=="
    },
    "node_modules/pkg-07": {
      "version": "1.7.0",
      "resolved": "https://registry.npmjs.org/pkg-07/-/pkg-07-1.7.0.tgz",
      "integrity": "sha512-aaaaaaaaaaaaaaaaaaaaaaaaaaaaaaaaaaaaaaaaaaaaaaaaaaaaaaaaaaaa=="
    },
    "node_modules/pkg-08": {
      "version": "1.8.0",
      "resolved": "https://registry.npmjs.org/pkg-08/-/pkg-08-1.8.0.tgz",
      "integrity": "sha512-aaaaaaaaaaaaaaaaaaaaaaaaaaaaaaaaaaaaaaaaaaaaaaaaaaaaaaaaaaaa=="
    },
    "node_modules/pkg-09": {
      "version": "1.9.0",
      "resolved": "https://registry.npmjs.org/pkg-09/-/pkg-09-1.9.0.tgz",
      "integrity": "sha512-aaaaaaaaaaaaaaaaaaaaaaaaaaaaaaaaaaaaaaaaaaaaaaaaaaaaaaaaaaaa=="
    },
    "node_modules/pkg-10": {
      "version": "1.10.0",
      "resolved": "https://registry.npmjs.org/pkg-10/-/pkg-10-1.10.0.tgz",
      "integrity": "sha512-aaaaaaaaaaaaaaaaaaaaaaaaaaaaaaaaaaaaaaaaaaaaaaaaaaaaaaaaaaaa=="
    },
    "node_modules/pkg-11": {
      "version": "1.11.0",
      "resolved": "https://registry.npmjs.org/pkg-11/-/pkg-11-1.11.0.tgz",
      "integrity": "sha512-aaaaaaaaaaaaaaaaaaaaaaaaaaaaaaaaaaaaaaaaaaaaaaaaaaaaaaaaaaaa=="
    },
    "node_modules/pkg-12": {
      "version": "1.12.0",
      "resolved": "https://registry.npmjs.org/pkg-12/-/pkg-12-1.12.0.tgz",
      "integrity": "sha512-aaaaaaaaaaaaaaaaaaaaaaaaaaaaaaaaaaaaaaaaaaaaaaaaaaaaaaaaaaaa=="
    },
    "node_modules/pkg-13": {
      "version": "1.13.0",
      "resolved": "https://registry.npmjs.org/pkg-13/-/pkg-13-1.13.0.tgz",
      "integrity": "sha512-aaaaaaaaaaaaaaaaaaaaaaaaaaaaaaaaaaaaaaaaaaaaaaaaaaaaaaaaaaaa=="
    },
    "node_modules/pkg-14": {
      "version": "1.14.0",
      "resolved": "https://registry.npmjs.org/pkg-14/-/pkg-14-1.14.0.tgz",
      "integrity": "sha512-aaaaaaaaaaaaaaaaaaaaaaaaaaaaaaaaaaaaaaaaaaaaaaaaaaaaaaaaaaaa=="
    },
    "node_modules/pkg-15": {
      "version": "1.15.0",
      "resolved": "https://registry.npmjs.org/pkg-15/-/pkg-15-1.15.0.tgz",
      "integrity": "sha512-aaaaaaaaaaaaaaaaaaaaaaaaaaaaaaaaaaaaaaaaaaaaaaaaaaaaaaaaaaaa=="
    },
    "node_modules/pkg-16": {
      "version": "1.16.0",
      "resolved": "https://registry.npmjs.org/pkg-16/-/pkg-16-1.16.0.tgz",
      "integrity": "sha512-aaaaaaaaaaaaaaaaaaaaaaaaaaaaaaaaaaaaaaaaaaaaaaaaaaaaaaaaaaaa=="
    },
    "node_modules/pkg-17": {
      "version": "1.17.0",
      "resolved": "https://registry.npmjs.org/pkg-17/-/pkg-17-1.17.0.tgz",
      "integrity": "sha512-aaaaaaaaaaaaaaaaaaaaaaaaaaaaaaaaaaaaaaaaaaaaaaaaaaaaaaaaaaaa=="
    },
    "node_modules/pkg-18": {
      "version": "1.18.0",
      "resolved": "https://registry.npmjs.org/pkg-18/-/pkg-18-1.18.0.tgz",
      "integrity": "sha512-aaaaaaaaaaaaaaaaaaaaaaaaaaaaaaaaaaaaaaaaaaaaaaaaaaaaaaaaaaaa=="
    },
    "node_modules/pkg-19": {
      "version": "1.19.0",
      "resolved": "https://registry.npmjs.org/pkg-19/-/pkg-19-1.19.0.tgz",
      "integrity": "sha512-aaaaaaaaaaaaaaaaaaaaaaaaaaaaaaaaaaaaaaaaaaaaaaaaaaaaaaaaaaaa=="
    },
    "node_modules/pkg-20": {
      "version": "1.20.0",
      "resolved": "https://registry.npmjs.org/pkg-20/-/pkg-20-1.20.0.tgz",
      "integrity": "sha512-aaaaaaaaaaaaaaaaaaaaaaaaaaaaaaaaaaaaaaaaaaaaaaaaaaaaaaaaaaaa=="
    },
    "node_modules/pkg-21": {
      "version": "1.21.0",
      "resolved": "https://registry.npmjs.org/pkg-21/-/pkg-21-1.21.0.tgz",
      "integrity": "sha512-aaaaaaaaaaaaaaaaaaaaaaaaaaaaaaaaaaaaaaaaaaaaaaaaaaaaaaaaaaaa=="
    },
    "node_modules/pkg-22": {
      "version": "1.22.0",
      "resolved": "https://registry.npmjs.org/pkg-22/-/pkg-22-1.22.0.tgz",
      "integrity": "sha512-aaaaaaaaaaaaaaaaaaaaaaaaaaaaaaaaaaaaaaaaaaaaaaaaaaaaaaaaaaaa=="
    },
    "node_modules/pkg-23": {
      "version": "1.23.0",
      "resolved": "https://registry.npmjs.org/pkg-23/-/pkg-23-1.23.0.tgz",
      "integrity": "sha512-aaaaaaaaaaaaaaaaaaaaaaaaaaaaaaaaaaaaaaaaaaaaaaaaaaaaaaaaaaaa=="
    },
    "node_modules/pkg-24": {
      "version": "1.24.0",
      "resolved": "https://registry.npmjs.org/pkg-24/-/pkg-24-1.24.0.tgz",
      "integrity": "sha512-aaaaaaaaaaaaaaaaaaaaaaaaaaaaaaaaaaaaaaaaaaaaaaaaaaaaaaaaaaaa=="
    },
    "node_modules/pkg-25": {
      "version": "1.25.0",
      "resolved": "https://registry.npmjs.org/pkg-25/-/pkg-25-1.25.0.tgz",
      "integrity": "sha512-aaaaaaaaaaaaaaaaaaaaaaaaaaaaaaaaaaaaaaaaaaaaaaaaaaaaaaaaaaaa=="
    },
    "node_modules/pkg-26": {
      "version": "1.26.0",
      "resolved": "https://registry.npmjs.org/pkg-26/-/pkg-26-1.26.0.tgz",
      "integrity": "sha512-aaaaaaaaaaaaaaaaaaaaaaaaaaaaaaaaaaaaaaaaaaaaaaaaaaaaaaaaaaaa=="
    },
    "node_modules/pkg-27": {
      "version": "1.27.0",
      "resolved": "https://registry.npmjs.org/pkg-27/-/pkg-27-1.27.0.tgz",
      "integrity": "sha512-aaaaaaaaaaaaaaaaaaaaaaaaaaaaaaaaaaaaaaaaaaaaaaaaaaaaaaaaaaaa=="
    },
    "node_modules/pkg-28": {
      "version": "1.28.0",
      "resolved": "https://registry.npmjs.org/pkg-28/-/pkg-28-1.28.0.tgz",
      "integrity": "sha512-aaaaaaaaaaaaaaaaaaaaaaaaaaaaaaaaaaaaaaaaaaaaaaaaaaaaaaaaaaaa=="
    },
    "node_modules/pkg-29": {
      "version": "1.29.0",
      "resolved": "https://registry.npmjs.org/pkg-29/-/pkg-29-1.29.0.tgz",
      "integrity": "sha512-aaaaaaaaaaaaaaaaaaaaaaaaaaaaaaaaaaaaaaaaaaaaaaaaaaaaaaaaaaaa=="
    },
    "node_modules/pkg-30": {
      "version": "1.30.0",
      "resolved": "https://registry.npmjs.org/pkg-30/-/pkg-30-1.30.0.tgz",
      "integrity": "sha512-aaaaaaaaaaaaaaaaaaaaaaaaaaaaaaaaaaaaaaaaaaaaaaaaaaaaaaaaaaaa=="
    },
    "node_modules/pkg-31": {
      "version": "1.31.0",
      "resolved": "https://registry.npmjs.org/pkg-31/-/pkg-31-1.31.0.tgz",
      "integrity": "sha512-aaaaaaaaaaaaaaaaaaaaaaaaaaaaaaaaaaaaaaaaaaaaaaaaaaaaaaaaaaaa=="
    },
    "node_modules/pkg-32": {
      "version": "1.32.0",
      "resolved": "https://registry.npmjs.org/pkg-32/-/pkg-32-1.32.0.tgz",
      "integrity": "sha512-aaaaaaaaaaaaaaaaaaaaaaaaaaaaaaaaaaaaaaaaaaaaaaaaaaaaaaaaaaaa=="
    },
    "node_modules/pkg-33": {
      "version": "1.33.0",
      "resolved": "https://registry.npmjs.org/pkg-33/-/pkg-33-1.33.0.tgz",
      "integrity": "sha512-aaaaaaaaaaaaaaaaaaaaaaaaaaaaaaaaaaaaaaaaaaaaaaaaaaaaaaaaaaaa=="
    },
    "node_modules/pkg-34": {
      "version": "1.34.0",
      "resolved": "https://registry.npmjs.org/pkg-34/-/pkg-34-1.34.0.tgz",
      "integrity": "sha512-aaaaaaaaaaaaaaaaaaaaaaaaaaaaaaaaaaaaaaaaaaaaaaaaaaaaaaaaaaaa=="
    },
    "node_modules/pkg-35": {
      "version": "1.35.0",
      "resolved": "https://registry.npmjs.org/pkg-35/-/pkg-35-1.35.0.tgz",
      "integrity": "sha512-aaaaaaaaaaaaaaaaaaaaaaaaaaaaaaaaaaaaaaaaaaaaaaaaaaaaaaaaaaaa=="
    },
    "node_modules/pkg-36": {
      "version": "1.36.0",
      "resolved": "https://registry.npmjs.org/pkg-36/-/pkg-36-1.36.0.tgz",
      "integrity": "sha512-aaaaaaaaaaaaaaaaaaaaaaaaaaaaaaaaaaaaaaaaaaaaaaaaaaaaaaaaaaaa=="
    },
    "node_modules/pkg-37": {
      "version": "1.37.0",
      "resolved": "https://registry.npmjs.org/pkg-37/-/pkg-37-1.37.0.tgz",
      "integrity": "sha512-aaaaaaaaaaaaaaaaaaaaaaaaaaaaaaaaaaaaaaaaaaaaaaaaaaaaaaaaaaaa=="
    },
    "node_modules/pkg-38": {
      "version": "1.38.0",
      "resolved": "https://registry.npmjs.org/pkg-38/-/pkg-38-1.38.0.tgz",
      "integrity": "sha512-aaaaaaaaaaaaaaaaaaaaaaaaaaaaaaaaaaaaaaaaaaaaaaaaaaaaaaaaaaaa=="
    },
    "node_modules/pkg-39": {
      "version": "1.39.0",
      "resolved": "https://registry.npmjs.org/pkg-39/-/pkg-39-1.39.0.tgz",
      "integrity": "sha512-aaaaaaaaaaaaaaaaaaaaaaaaaaaaaaaaaaaaaaaaaaaaaaaaaaaaaaaaaaaa=="
    },
    "node_modules/pkg-40": {
      "version": "1.40.0",
      "resolved": "https://registry.npmjs.org/pkg-40/-/pkg-40-1.40.0.tgz",
      "integrity": "sha512-aaaaaaaaaaaaaaaaaaaaaaaaaaaaaaaaaaaaaaaaaaaaaaaaaaaaaaaaaaaa=="
    },
    "node_modules/pkg-41": {
      "version": "1.41.0",
      "resolved": "https://registry.npmjs.org/pkg-41/-/pkg-41-1.41.0.tgz",
      "integrity": "sha512-aaaaaaaaaaaaaaaaaaaaaaaaaaaaaaaaaaaaaaaaaaaaaaaaaaaaaaaaaaaa=="
    },
    "node_modules/pkg-42": {
      "version": "1.42.0",
      "resolved": "https://registry.npmjs.org/pkg-42/-/pkg-42-1.42.0.tgz",
      "integrity": "sha512-aaaaaaaaaaaaaaaaaaaaaaaaaaaaaaaaaaaaaaaaaaaaaaaaaaaaaaaaaaaa=="
    },
    "node_modules/pkg-43": {
      "version": "1.43.0",
      "resolved": "https://registry.npmjs.org/pkg-43/-/pkg-43-1.43.0.tgz",
      "integrity": "sha512-aaaaaaaaaaaaaaaaaaaaaaaaaaaaaaaaaaaaaaaaaaaaaaaaaaaaaaaaaaaa=="
    },
    "node_modules/pkg-44": {
      "version": "1.44.0",
      "resolved": "https://registry.npmjs.org/pkg-44/-/pkg-44-1.44.0.tgz",
      "integrity": "sha512-aaaaaaaaaaaaaaaaaaaaaaaaaaaaaaaaaaaaaaaaaaaaaaaaaaaaaaaaaaaa=="
    },
    "node_modules/pkg-45": {
      "version": "1.45.0",
      "resolved": "https://registry.npmjs.org/pkg-45/-/pkg-45-1.45.0.tgz",
      "integrity": "sha512-aaaaaaaaaaaaaaaaaaaaaaaaaaaaaaaaaaaaaaaaaaaaaaaaaaaaaaaaaaaa=="
    },
    "node_modules/pkg-46": {
      "version": "1.46.0",
      "resolved": "https://registry.npmjs.org/pkg-46/-/pkg-46-1.46.0.tgz",
      "integrity": "sha512-aaaaaaaaaaaaaaaaaaaaaaaaaaaaaaaaaaaaaaaaaaaaaaaaaaaaaaaaaaaa=="
    },
    "node_modules/pkg-47": {
      "version": "1.47.0",
      "resolved": "https://registry.npmjs.org/pkg-47/-/pkg-47-1.47.0.tgz",
      "integrity": "sha512-aaaaaaaaaaaaaaaaaaaaaaaaaaaaaaaaaaaaaaaaaaaaaaaaaaaaaaaaaaaa=="
    },
    "node_modules/pkg-48": {
      "version": "1.48.0",
      "resolved": "https://registry.npmjs.org/pkg-48/-/pkg-48-1.48.0.tgz",
      "integrity": "sha512-aaaaaaaaaaaaaaaaaaaaaaaaaaaaaaaaaaaaaaaaaaaaaaaaaaaaaaaaaaaa=="
    },
    "node_modules/pkg-49": {
      "version": "1.49.0",
      "resolved": "https://registry.npmjs.org/pkg-49/-/pkg-49-1.49.0.tgz",
      "integrity": "sha512-aaaaaaaaaaaaaaaaaaaaaaaaaaaaaaaaaaaaaaaaaaaaaaaaaaaaaaaaaaaa=="
    },
    "node_modules/pkg-50": {
      "version": "1.50.0",
      "resolved": "https://registry.npmjs.org/pkg-50/-/pkg-50-1.50.0.tgz",
      "integrity": "sha512-aaaaaaaaaaaaaaaaaaaaaaaaaaaaaaaaaaaaaaaaaaaaaaaaaaaaaaaaaaaa=="
    },
    "node_modules/pkg-51": {
      "version": "1.51.0",
      "resolved": "https://registry.npmjs.org/pkg-51/-/pkg-51-1.51.0.tgz",
      "integrity": "sha512-aaaaaaaaaaaaaaaaaaaaaaaaaaaaaaaaaaaaaaaaaaaaaaaaaaaaaaaaaaaa=="
    },
    "node_modules/pkg-52": {
      "version": "1.52.0",
      "resolved": "https://registry.npmjs.org/pkg-52/-/pkg-52-1.52.0.tgz",
      "integrity": "sha512-aaaaaaaaaaaaaaaaaaaaaaaaaaaaaaaaaaaaaaaaaaaaaaaaaaaaaaaaaaaa=="
    },
    "node_modules/pkg-53": {
      "version": "1.53.0",
      "resolved": "https://registry.npmjs.org/pkg-53/-/pkg-53-1.53.0.tgz",
      "integrity": "sha512-aaaaaaaaaaaaaaaaaaaaaaaaaaaaaaaaaaaaaaaaaaaaaaaaaaaaaaaaaaaa=="
    },
    "node_modules/pkg-54": {
      "version": "1.54.0",
      "resolved": "https://registry.npmjs.org/pkg-54/-/pkg-54-1.54.0.tgz",
      "integrity": "sha512-aaaaaaaaaaaaaaaaaaaaaaaaaaaaaaaaaaaaaaaaaaaaaaaaaaaaaaaaaaaa=="
    },
    "node_modules/pkg-55": {
      "version": "1.55.0",
      "resolved": "https://registry.npmjs.org/pkg-55/-/pkg-55-1.55.0.tgz",
      "integrity": "sha512-aaaaaaaaaaaaaaaaaaaaaaaaaaaaaaaaaaaaaaaaaaaaaaaaaaaaaaaaaaaa=="
    },
    "node_modules/pkg-56": {
      "version": "1.56.0",
      "resolved": "https://registry.npmjs.org/pkg-56/-/pkg-56-1.56.0.tgz",
      "integrity": "sha512-aaaaaaaaaaaaaaaaaaaaaaaaaaaaaaaaaaaaaaaaaaaaaaaaaaaaaaaaaaaa=="
    },
    "node_modules/pkg-57": {
      "version": "1.57.0",
      "resolved": "https://registry.npmjs.org/pkg-57/-/pkg-57-1.57.0.tgz",
      "integrity": "sha512-aaaaaaaaaaaaaaaaaaaaaaaaaaaaaaaaaaaaaaaaaaaaaaaaaaaaaaaaaaaa=="
    },
    "node_modules/pkg-58": {
      "version": "1.58.0",
      "resolved": "https://registry.npmjs.org/pkg-58/-/pkg-58-1.58.0.tgz",
      "integrity": "sha512-aaaaaaaaaaaaaaaaaaaaaaaaaaaaaaaaaaaaaaaaaaaaaaaaaaaaaaaaaaaa=="
    },
    "node_modules/pkg-59": {
      "version": "1.59.0",
      "resolved": "https://registry.npmjs.org/pkg-59/-/pkg-59-1.59.0.tgz",
      "integrity": "sha512-aaaaaaaaaaaaaaaaaaaaaaaaaaaaaaaaaaaaaaaaaaaaaaaaaaaaaaaaaaaa=="
    },
    "node_modules/pkg-60": {
      "version": "1.60.0",
      "resolved": "https://registry.npmjs.org/pkg-60/-/pkg-60-1.60.0.tgz",
      "integrity": "sha512-aaaaaaaaaaaaaaaaaaaaaaaaaaaaaaaaaaaaaaaaaaaaaaaaaaaaaaaaaaaa=="
    }
  }
}
